dependencies:
- name: common
  repository: https://charts.bitnami.com/bitnami
  version: 1.10.3
- name: nginx
  repository: https://charts.bitnami.com/bitnami
  version: 8.9.0
digest: sha256:93ac1f95ebf5193420b7ff5a07fa3b526a0f8ef9f5a22ebed2d269354f485222
generated: "2021-12-20T09:36:37.990179+08:00"
