dependencies:
- name: common
  repository: https://charts.bitnami.com/bitnami
  version: 1.10.3
- name: nginx
  repository: https://charts.bitnami.com/bitnami
  version: 8.9.0
digest: sha256:09c128cc4a8d195dc3bdd01a2ab6a4612617dfc8081447f9d4a563d9c505c597
generated: "2022-01-03T17:58:16.062537+08:00"
